
Microsoft Visual Studio Solution File, Format Version 12.00
# Visual Studio 15
VisualStudioVersion = 15.0.28307.757
MinimumVisualStudioVersion = 10.0.40219.1
Project("{FAE04EC0-301F-11D3-BF4B-00C04F79EFBC}") = "MainModule", "MainModule\MainModule.csproj", "{ECA3636F-B54A-4731-9890-3B6D1C3C5632}"
EndProject
Project("{FAE04EC0-301F-11D3-BF4B-00C04F79EFBC}") = "MainModule.Test", "UnitTestProject1\MainModule.Test.csproj", "{CC2D6E62-BC63-4C19-BEEF-94645C00028F}"
EndProject
Global
	GlobalSection(SolutionConfigurationPlatforms) = preSolution
		Debug|Any CPU = Debug|Any CPU
		Release|Any CPU = Release|Any CPU
	EndGlobalSection
	GlobalSection(ProjectConfigurationPlatforms) = postSolution
		{ECA3636F-B54A-4731-9890-3B6D1C3C5632}.Debug|Any CPU.ActiveCfg = Debug|Any CPU
		{ECA3636F-B54A-4731-9890-3B6D1C3C5632}.Debug|Any CPU.Build.0 = Debug|Any CPU
		{ECA3636F-B54A-4731-9890-3B6D1C3C5632}.Release|Any CPU.ActiveCfg = Release|Any CPU
		{ECA3636F-B54A-4731-9890-3B6D1C3C5632}.Release|Any CPU.Build.0 = Release|Any CPU
		{CC2D6E62-BC63-4C19-BEEF-94645C00028F}.Debug|Any CPU.ActiveCfg = Debug|Any CPU
		{CC2D6E62-BC63-4C19-BEEF-94645C00028F}.Debug|Any CPU.Build.0 = Debug|Any CPU
		{CC2D6E62-BC63-4C19-BEEF-94645C00028F}.Release|Any CPU.ActiveCfg = Release|Any CPU
		{CC2D6E62-BC63-4C19-BEEF-94645C00028F}.Release|Any CPU.Build.0 = Release|Any CPU
	EndGlobalSection
	GlobalSection(SolutionProperties) = preSolution
		HideSolutionNode = FALSE
	EndGlobalSection
	GlobalSection(ExtensibilityGlobals) = postSolution
		SolutionGuid = {6813137E-1B00-40E0-A0B6-F84AA9936236}
	EndGlobalSection
EndGlobal
